
Microsoft Visual Studio Solution File, Format Version 12.00
# Visual Studio Version 16
VisualStudioVersion = 16.0.31019.35
MinimumVisualStudioVersion = 10.0.40219.1
Project("{9A19103F-16F7-4668-BE54-9A1E7A4F7556}") = "ClassLibrary", "ClassLibrary\ClassLibrary.csproj", "{12A25337-AFB4-4AF3-8388-4B515AF05C89}"
EndProject
Project("{9A19103F-16F7-4668-BE54-9A1E7A4F7556}") = "App", "App\App.csproj", "{0FFE20DB-E627-4C4F-87B4-6892DB9F2E14}"
EndProject
Global
	GlobalSection(SolutionConfigurationPlatforms) = preSolution
		Debug|Any CPU = Debug|Any CPU
		Release|Any CPU = Release|Any CPU
	EndGlobalSection
	GlobalSection(ProjectConfigurationPlatforms) = postSolution
		{12A25337-AFB4-4AF3-8388-4B515AF05C89}.Debug|Any CPU.ActiveCfg = Debug|Any CPU
		{12A25337-AFB4-4AF3-8388-4B515AF05C89}.Debug|Any CPU.Build.0 = Debug|Any CPU
		{12A25337-AFB4-4AF3-8388-4B515AF05C89}.Release|Any CPU.ActiveCfg = Release|Any CPU
		{12A25337-AFB4-4AF3-8388-4B515AF05C89}.Release|Any CPU.Build.0 = Release|Any CPU
		{0FFE20DB-E627-4C4F-87B4-6892DB9F2E14}.Debug|Any CPU.ActiveCfg = Debug|Any CPU
		{0FFE20DB-E627-4C4F-87B4-6892DB9F2E14}.Debug|Any CPU.Build.0 = Debug|Any CPU
		{0FFE20DB-E627-4C4F-87B4-6892DB9F2E14}.Release|Any CPU.ActiveCfg = Release|Any CPU
		{0FFE20DB-E627-4C4F-87B4-6892DB9F2E14}.Release|Any CPU.Build.0 = Release|Any CPU
	EndGlobalSection
	GlobalSection(SolutionProperties) = preSolution
		HideSolutionNode = FALSE
	EndGlobalSection
	GlobalSection(ExtensibilityGlobals) = postSolution
		SolutionGuid = {EDA1BAB2-FB5D-40EF-91B3-8B0F6374E0CE}
	EndGlobalSection
EndGlobal
