
Microsoft Visual Studio Solution File, Format Version 12.00
# Visual Studio Version 16
VisualStudioVersion = 16.0.30907.101
MinimumVisualStudioVersion = 10.0.40219.1
Project("{9A19103F-16F7-4668-BE54-9A1E7A4F7556}") = "Patients.Domain", "Patients.Domain\Patients.Domain.csproj", "{B161F762-94F5-49DF-9400-6EF2205A547D}"
EndProject
Project("{9A19103F-16F7-4668-BE54-9A1E7A4F7556}") = "Patients.Infrastructure", "Patients.Infrastructure\Patients.Infrastructure.csproj", "{EFAD9F2F-B362-44CC-867E-E7F18B3975A9}"
EndProject
Project("{9A19103F-16F7-4668-BE54-9A1E7A4F7556}") = "Patients.Web", "Patients.Web\Patients.Web.csproj", "{45C8A16B-5739-4731-867A-75593C882685}"
EndProject
Global
	GlobalSection(SolutionConfigurationPlatforms) = preSolution
		Debug|Any CPU = Debug|Any CPU
		Release|Any CPU = Release|Any CPU
	EndGlobalSection
	GlobalSection(ProjectConfigurationPlatforms) = postSolution
		{B161F762-94F5-49DF-9400-6EF2205A547D}.Debug|Any CPU.ActiveCfg = Debug|Any CPU
		{B161F762-94F5-49DF-9400-6EF2205A547D}.Debug|Any CPU.Build.0 = Debug|Any CPU
		{B161F762-94F5-49DF-9400-6EF2205A547D}.Release|Any CPU.ActiveCfg = Release|Any CPU
		{B161F762-94F5-49DF-9400-6EF2205A547D}.Release|Any CPU.Build.0 = Release|Any CPU
		{EFAD9F2F-B362-44CC-867E-E7F18B3975A9}.Debug|Any CPU.ActiveCfg = Debug|Any CPU
		{EFAD9F2F-B362-44CC-867E-E7F18B3975A9}.Debug|Any CPU.Build.0 = Debug|Any CPU
		{EFAD9F2F-B362-44CC-867E-E7F18B3975A9}.Release|Any CPU.ActiveCfg = Release|Any CPU
		{EFAD9F2F-B362-44CC-867E-E7F18B3975A9}.Release|Any CPU.Build.0 = Release|Any CPU
		{45C8A16B-5739-4731-867A-75593C882685}.Debug|Any CPU.ActiveCfg = Debug|Any CPU
		{45C8A16B-5739-4731-867A-75593C882685}.Debug|Any CPU.Build.0 = Debug|Any CPU
		{45C8A16B-5739-4731-867A-75593C882685}.Release|Any CPU.ActiveCfg = Release|Any CPU
		{45C8A16B-5739-4731-867A-75593C882685}.Release|Any CPU.Build.0 = Release|Any CPU
	EndGlobalSection
	GlobalSection(SolutionProperties) = preSolution
		HideSolutionNode = FALSE
	EndGlobalSection
	GlobalSection(ExtensibilityGlobals) = postSolution
		SolutionGuid = {F5174853-8836-42CF-9F78-82A153BF14F3}
	EndGlobalSection
EndGlobal
