
Microsoft Visual Studio Solution File, Format Version 12.00
# Visual Studio Version 16
VisualStudioVersion = 16.0.30907.101
MinimumVisualStudioVersion = 10.0.40219.1
Project("{9A19103F-16F7-4668-BE54-9A1E7A4F7556}") = "Doctors.Infrastructure", "Doctors.Infrastructure\Doctors.Infrastructure.csproj", "{F43CE4A1-C156-4EAF-9F95-5141A5DB8DF3}"
EndProject
Project("{9A19103F-16F7-4668-BE54-9A1E7A4F7556}") = "Doctors.Domain", "Doctors.Domain\Doctors.Domain.csproj", "{EC950ACD-CC55-4906-9206-CA3FB9ECEBB5}"
EndProject
Project("{9A19103F-16F7-4668-BE54-9A1E7A4F7556}") = "Doctors.Web", "Doctors.Web\Doctors.Web.csproj", "{6C49A083-336D-4DBF-AB2D-71D0CDC00DE4}"
EndProject
Project("{9A19103F-16F7-4668-BE54-9A1E7A4F7556}") = "ExaminationRooms.Domain", "ExaminationRooms.Domain\ExaminationRooms.Domain.csproj", "{DADFBE5A-9398-4508-AC88-9FCF2A2C1EC6}"
EndProject
Project("{9A19103F-16F7-4668-BE54-9A1E7A4F7556}") = "ExaminationRooms.Infrastructure", "ExaminationRooms.Infrastructure\ExaminationRooms.Infrastructure.csproj", "{45907FE9-CF4E-41CD-8E1C-71B938798576}"
EndProject
Project("{9A19103F-16F7-4668-BE54-9A1E7A4F7556}") = "ExaminationRooms.Web", "ExaminationRooms.Web\ExaminationRooms.Web.csproj", "{B88BC938-79A1-4B4B-A31D-89733986EEB0}"
EndProject
Global
	GlobalSection(SolutionConfigurationPlatforms) = preSolution
		Debug|Any CPU = Debug|Any CPU
		Release|Any CPU = Release|Any CPU
	EndGlobalSection
	GlobalSection(ProjectConfigurationPlatforms) = postSolution
		{F43CE4A1-C156-4EAF-9F95-5141A5DB8DF3}.Debug|Any CPU.ActiveCfg = Debug|Any CPU
		{F43CE4A1-C156-4EAF-9F95-5141A5DB8DF3}.Debug|Any CPU.Build.0 = Debug|Any CPU
		{F43CE4A1-C156-4EAF-9F95-5141A5DB8DF3}.Release|Any CPU.ActiveCfg = Release|Any CPU
		{F43CE4A1-C156-4EAF-9F95-5141A5DB8DF3}.Release|Any CPU.Build.0 = Release|Any CPU
		{EC950ACD-CC55-4906-9206-CA3FB9ECEBB5}.Debug|Any CPU.ActiveCfg = Debug|Any CPU
		{EC950ACD-CC55-4906-9206-CA3FB9ECEBB5}.Debug|Any CPU.Build.0 = Debug|Any CPU
		{EC950ACD-CC55-4906-9206-CA3FB9ECEBB5}.Release|Any CPU.ActiveCfg = Release|Any CPU
		{EC950ACD-CC55-4906-9206-CA3FB9ECEBB5}.Release|Any CPU.Build.0 = Release|Any CPU
		{6C49A083-336D-4DBF-AB2D-71D0CDC00DE4}.Debug|Any CPU.ActiveCfg = Debug|Any CPU
		{6C49A083-336D-4DBF-AB2D-71D0CDC00DE4}.Debug|Any CPU.Build.0 = Debug|Any CPU
		{6C49A083-336D-4DBF-AB2D-71D0CDC00DE4}.Release|Any CPU.ActiveCfg = Release|Any CPU
		{6C49A083-336D-4DBF-AB2D-71D0CDC00DE4}.Release|Any CPU.Build.0 = Release|Any CPU
		{DADFBE5A-9398-4508-AC88-9FCF2A2C1EC6}.Debug|Any CPU.ActiveCfg = Debug|Any CPU
		{DADFBE5A-9398-4508-AC88-9FCF2A2C1EC6}.Debug|Any CPU.Build.0 = Debug|Any CPU
		{DADFBE5A-9398-4508-AC88-9FCF2A2C1EC6}.Release|Any CPU.ActiveCfg = Release|Any CPU
		{DADFBE5A-9398-4508-AC88-9FCF2A2C1EC6}.Release|Any CPU.Build.0 = Release|Any CPU
		{45907FE9-CF4E-41CD-8E1C-71B938798576}.Debug|Any CPU.ActiveCfg = Debug|Any CPU
		{45907FE9-CF4E-41CD-8E1C-71B938798576}.Debug|Any CPU.Build.0 = Debug|Any CPU
		{45907FE9-CF4E-41CD-8E1C-71B938798576}.Release|Any CPU.ActiveCfg = Release|Any CPU
		{45907FE9-CF4E-41CD-8E1C-71B938798576}.Release|Any CPU.Build.0 = Release|Any CPU
		{B88BC938-79A1-4B4B-A31D-89733986EEB0}.Debug|Any CPU.ActiveCfg = Debug|Any CPU
		{B88BC938-79A1-4B4B-A31D-89733986EEB0}.Debug|Any CPU.Build.0 = Debug|Any CPU
		{B88BC938-79A1-4B4B-A31D-89733986EEB0}.Release|Any CPU.ActiveCfg = Release|Any CPU
		{B88BC938-79A1-4B4B-A31D-89733986EEB0}.Release|Any CPU.Build.0 = Release|Any CPU
	EndGlobalSection
	GlobalSection(SolutionProperties) = preSolution
		HideSolutionNode = FALSE
	EndGlobalSection
	GlobalSection(ExtensibilityGlobals) = postSolution
		SolutionGuid = {F5174853-8836-42CF-9F78-82A153BF14F3}
	EndGlobalSection
EndGlobal
